
Microsoft Visual Studio Solution File, Format Version 12.00
# Visual Studio Version 16
VisualStudioVersion = 16.0.31624.102
MinimumVisualStudioVersion = 10.0.40219.1
Project("{FAE04EC0-301F-11D3-BF4B-00C04F79EFBC}") = "clone-aviasales", "clone-aviasales\clone-aviasales.csproj", "{48DF1278-7F87-42A5-B38F-D0CB9B291E41}"
EndProject
Global
	GlobalSection(SolutionConfigurationPlatforms) = preSolution
		Debug|Any CPU = Debug|Any CPU
		Release|Any CPU = Release|Any CPU
	EndGlobalSection
	GlobalSection(ProjectConfigurationPlatforms) = postSolution
		{48DF1278-7F87-42A5-B38F-D0CB9B291E41}.Debug|Any CPU.ActiveCfg = Debug|Any CPU
		{48DF1278-7F87-42A5-B38F-D0CB9B291E41}.Debug|Any CPU.Build.0 = Debug|Any CPU
		{48DF1278-7F87-42A5-B38F-D0CB9B291E41}.Release|Any CPU.ActiveCfg = Release|Any CPU
		{48DF1278-7F87-42A5-B38F-D0CB9B291E41}.Release|Any CPU.Build.0 = Release|Any CPU
	EndGlobalSection
	GlobalSection(SolutionProperties) = preSolution
		HideSolutionNode = FALSE
	EndGlobalSection
	GlobalSection(ExtensibilityGlobals) = postSolution
		SolutionGuid = {C0DD9203-FC9B-4F79-A2AF-C93DC41F4E6E}
	EndGlobalSection
EndGlobal
